
Microsoft Visual Studio Solution File, Format Version 12.00
# Visual Studio Version 17
VisualStudioVersion = 17.11.35327.3
MinimumVisualStudioVersion = 10.0.40219.1
Project("{9A19103F-16F7-4668-BE54-9A1E7A4F7556}") = "01_MainSubjects", "01_MainSubjects.csproj", "{236E0898-166D-426A-8FF3-3B763D46DAFE}"
EndProject
Global
	GlobalSection(SolutionConfigurationPlatforms) = preSolution
		Debug|Any CPU = Debug|Any CPU
		Release|Any CPU = Release|Any CPU
	EndGlobalSection
	GlobalSection(ProjectConfigurationPlatforms) = postSolution
		{236E0898-166D-426A-8FF3-3B763D46DAFE}.Debug|Any CPU.ActiveCfg = Debug|Any CPU
		{236E0898-166D-426A-8FF3-3B763D46DAFE}.Debug|Any CPU.Build.0 = Debug|Any CPU
		{236E0898-166D-426A-8FF3-3B763D46DAFE}.Release|Any CPU.ActiveCfg = Release|Any CPU
		{236E0898-166D-426A-8FF3-3B763D46DAFE}.Release|Any CPU.Build.0 = Release|Any CPU
	EndGlobalSection
	GlobalSection(SolutionProperties) = preSolution
		HideSolutionNode = FALSE
	EndGlobalSection
	GlobalSection(ExtensibilityGlobals) = postSolution
		SolutionGuid = {10630136-253E-4006-821D-349D13BF0240}
	EndGlobalSection
EndGlobal
